github.com/goptos/parser/lexer v0.0.0-20240624045934-af820404e115 h1:CoVQo76+VvyDLVpc9ALhKa7dopFZo8dxAbZHjqSf87A=
github.com/goptos/parser/lexer v0.0.0-20240624045934-af820404e115/go.mod h1:+lm5JcA/za7KClmrVYCL4lo7BgkZd+fBoUZMl4YcmSE=
github.com/goptos/utils v0.0.0 h1:JLNUIp6PqLnmw0Tj5hTY4jXkRiv9qSGgLolhp5j/qRg=
github.com/goptos/utils v0.0.0/go.mod h1:OkMb4LeW1wjYcxDw5HBkzt1H/2njzbtTRChD0FXwm3g=
